
Microsoft Visual Studio Solution File, Format Version 12.00
# Visual Studio Version 16
VisualStudioVersion = 16.0.29519.181
MinimumVisualStudioVersion = 10.0.40219.1
Project("{FAE04EC0-301F-11D3-BF4B-00C04F79EFBC}") = "Tree3D", "Tree3D\Tree3D.csproj", "{EA04A9BD-D2C3-4AC5-B13B-8BB6141779C3}"
EndProject
Project("{FAE04EC0-301F-11D3-BF4B-00C04F79EFBC}") = "Tree3DGH", "Tree3DGH\Tree3DGH.csproj", "{C5C86AB3-4ACB-4684-A256-8FC97C8038A1}"
EndProject
Global
	GlobalSection(SolutionConfigurationPlatforms) = preSolution
		Debug|Any CPU = Debug|Any CPU
		Release|Any CPU = Release|Any CPU
	EndGlobalSection
	GlobalSection(ProjectConfigurationPlatforms) = postSolution
		{EA04A9BD-D2C3-4AC5-B13B-8BB6141779C3}.Debug|Any CPU.ActiveCfg = Debug|Any CPU
		{EA04A9BD-D2C3-4AC5-B13B-8BB6141779C3}.Debug|Any CPU.Build.0 = Debug|Any CPU
		{EA04A9BD-D2C3-4AC5-B13B-8BB6141779C3}.Release|Any CPU.ActiveCfg = Release|Any CPU
		{EA04A9BD-D2C3-4AC5-B13B-8BB6141779C3}.Release|Any CPU.Build.0 = Release|Any CPU
		{C5C86AB3-4ACB-4684-A256-8FC97C8038A1}.Debug|Any CPU.ActiveCfg = Debug|Any CPU
		{C5C86AB3-4ACB-4684-A256-8FC97C8038A1}.Debug|Any CPU.Build.0 = Debug|Any CPU
		{C5C86AB3-4ACB-4684-A256-8FC97C8038A1}.Release|Any CPU.ActiveCfg = Release|Any CPU
		{C5C86AB3-4ACB-4684-A256-8FC97C8038A1}.Release|Any CPU.Build.0 = Release|Any CPU
	EndGlobalSection
	GlobalSection(SolutionProperties) = preSolution
		HideSolutionNode = FALSE
	EndGlobalSection
	GlobalSection(ExtensibilityGlobals) = postSolution
		SolutionGuid = {FF25756B-CC1D-4F69-BA0D-8FD91629D616}
	EndGlobalSection
EndGlobal
